
Microsoft Visual Studio Solution File, Format Version 12.00
# Visual Studio 15
VisualStudioVersion = 15.0.27130.2027
MinimumVisualStudioVersion = 10.0.40219.1
Project("{FAE04EC0-301F-11D3-BF4B-00C04F79EFBC}") = "SimpleLogger", "SimpleLogger\SimpleLogger.csproj", "{EAB42BEB-BAD2-4B8E-85A3-D586BDBEB229}"
EndProject
Project("{FAE04EC0-301F-11D3-BF4B-00C04F79EFBC}") = "LoggerTester", "LoggerTester\LoggerTester.csproj", "{7AD1E3F2-6180-4B39-A8F2-90387C0F5C55}"
EndProject
Global
	GlobalSection(SolutionConfigurationPlatforms) = preSolution
		Debug|Any CPU = Debug|Any CPU
		Release|Any CPU = Release|Any CPU
	EndGlobalSection
	GlobalSection(ProjectConfigurationPlatforms) = postSolution
		{EAB42BEB-BAD2-4B8E-85A3-D586BDBEB229}.Debug|Any CPU.ActiveCfg = Debug|Any CPU
		{EAB42BEB-BAD2-4B8E-85A3-D586BDBEB229}.Debug|Any CPU.Build.0 = Debug|Any CPU
		{EAB42BEB-BAD2-4B8E-85A3-D586BDBEB229}.Release|Any CPU.ActiveCfg = Release|Any CPU
		{EAB42BEB-BAD2-4B8E-85A3-D586BDBEB229}.Release|Any CPU.Build.0 = Release|Any CPU
		{7AD1E3F2-6180-4B39-A8F2-90387C0F5C55}.Debug|Any CPU.ActiveCfg = Debug|Any CPU
		{7AD1E3F2-6180-4B39-A8F2-90387C0F5C55}.Debug|Any CPU.Build.0 = Debug|Any CPU
		{7AD1E3F2-6180-4B39-A8F2-90387C0F5C55}.Release|Any CPU.ActiveCfg = Release|Any CPU
		{7AD1E3F2-6180-4B39-A8F2-90387C0F5C55}.Release|Any CPU.Build.0 = Release|Any CPU
	EndGlobalSection
	GlobalSection(SolutionProperties) = preSolution
		HideSolutionNode = FALSE
	EndGlobalSection
	GlobalSection(ExtensibilityGlobals) = postSolution
		SolutionGuid = {D06C9F85-D160-4B54-9485-159D88A39309}
	EndGlobalSection
EndGlobal
